
Microsoft Visual Studio Solution File, Format Version 12.00
# Visual Studio Version 16
VisualStudioVersion = 16.0.30621.155
MinimumVisualStudioVersion = 10.0.40219.1
Project("{9A19103F-16F7-4668-BE54-9A1E7A4F7556}") = "Pathfinder.Visualizer.BlazorServer", "Pathfinder.Visualizer\Pathfinder.Visualizer.BlazorServer.csproj", "{6D0B3D99-ABDB-4183-8976-B19BC6AA8B7B}"
EndProject
Project("{9A19103F-16F7-4668-BE54-9A1E7A4F7556}") = "Pathfinder.Visualizer.BlazorClient", "VisualizerWASM\Pathfinder.Visualizer.BlazorClient.csproj", "{6FAA1F18-5104-4C88-B4AB-45460EB2F09D}"
EndProject
Project("{9A19103F-16F7-4668-BE54-9A1E7A4F7556}") = "Pathfinder.GraphSolvers", "GraphSolver\Pathfinder.GraphSolvers.csproj", "{3C259936-CAF5-41B4-BE31-AAAD68EEE418}"
EndProject
Project("{2150E333-8FDC-42A3-9474-1A3956D46DE8}") = "Solution Items", "Solution Items", "{C0C5C4FB-D21B-4C00-ABA3-77A597616CE0}"
	ProjectSection(SolutionItems) = preProject
		.gitignore = .gitignore
	EndProjectSection
EndProject
Global
	GlobalSection(SolutionConfigurationPlatforms) = preSolution
		Debug|Any CPU = Debug|Any CPU
		Release|Any CPU = Release|Any CPU
	EndGlobalSection
	GlobalSection(ProjectConfigurationPlatforms) = postSolution
		{6D0B3D99-ABDB-4183-8976-B19BC6AA8B7B}.Debug|Any CPU.ActiveCfg = Debug|Any CPU
		{6D0B3D99-ABDB-4183-8976-B19BC6AA8B7B}.Debug|Any CPU.Build.0 = Debug|Any CPU
		{6D0B3D99-ABDB-4183-8976-B19BC6AA8B7B}.Release|Any CPU.ActiveCfg = Release|Any CPU
		{6D0B3D99-ABDB-4183-8976-B19BC6AA8B7B}.Release|Any CPU.Build.0 = Release|Any CPU
		{6FAA1F18-5104-4C88-B4AB-45460EB2F09D}.Debug|Any CPU.ActiveCfg = Debug|Any CPU
		{6FAA1F18-5104-4C88-B4AB-45460EB2F09D}.Debug|Any CPU.Build.0 = Debug|Any CPU
		{6FAA1F18-5104-4C88-B4AB-45460EB2F09D}.Release|Any CPU.ActiveCfg = Release|Any CPU
		{6FAA1F18-5104-4C88-B4AB-45460EB2F09D}.Release|Any CPU.Build.0 = Release|Any CPU
		{3C259936-CAF5-41B4-BE31-AAAD68EEE418}.Debug|Any CPU.ActiveCfg = Debug|Any CPU
		{3C259936-CAF5-41B4-BE31-AAAD68EEE418}.Debug|Any CPU.Build.0 = Debug|Any CPU
		{3C259936-CAF5-41B4-BE31-AAAD68EEE418}.Release|Any CPU.ActiveCfg = Release|Any CPU
		{3C259936-CAF5-41B4-BE31-AAAD68EEE418}.Release|Any CPU.Build.0 = Release|Any CPU
	EndGlobalSection
	GlobalSection(SolutionProperties) = preSolution
		HideSolutionNode = FALSE
	EndGlobalSection
	GlobalSection(ExtensibilityGlobals) = postSolution
		SolutionGuid = {0845A3A0-9EB6-4796-B82B-4E3A6B2601A3}
	EndGlobalSection
EndGlobal
